
Microsoft Visual Studio Solution File, Format Version 12.00
# Visual Studio 14
VisualStudioVersion = 14.0.23107.0
MinimumVisualStudioVersion = 10.0.40219.1
Project("{2150E333-8FDC-42A3-9474-1A3956D46DE8}") = "1-Presentation", "1-Presentation", "{C4F5EB3D-F79B-47F1-B8B3-2783F51204C5}"
EndProject
Project("{FAE04EC0-301F-11D3-BF4B-00C04F79EFBC}") = "GEC4AV1.Parte1.Presentation.MvcApp", "GEC4AV1.Parte1.Presentation.MvcApp\GEC4AV1.Parte1.Presentation.MvcApp.csproj", "{FFE0A4C0-7B5F-4029-B516-991F80B28C60}"
EndProject
Global
	GlobalSection(SolutionConfigurationPlatforms) = preSolution
		Debug|Any CPU = Debug|Any CPU
		Release|Any CPU = Release|Any CPU
	EndGlobalSection
	GlobalSection(ProjectConfigurationPlatforms) = postSolution
		{FFE0A4C0-7B5F-4029-B516-991F80B28C60}.Debug|Any CPU.ActiveCfg = Debug|Any CPU
		{FFE0A4C0-7B5F-4029-B516-991F80B28C60}.Debug|Any CPU.Build.0 = Debug|Any CPU
		{FFE0A4C0-7B5F-4029-B516-991F80B28C60}.Release|Any CPU.ActiveCfg = Release|Any CPU
		{FFE0A4C0-7B5F-4029-B516-991F80B28C60}.Release|Any CPU.Build.0 = Release|Any CPU
	EndGlobalSection
	GlobalSection(SolutionProperties) = preSolution
		HideSolutionNode = FALSE
	EndGlobalSection
	GlobalSection(NestedProjects) = preSolution
		{FFE0A4C0-7B5F-4029-B516-991F80B28C60} = {C4F5EB3D-F79B-47F1-B8B3-2783F51204C5}
	EndGlobalSection
EndGlobal
